
Microsoft Visual Studio Solution File, Format Version 12.00
# Visual Studio 14
VisualStudioVersion = 14.0.24720.0
MinimumVisualStudioVersion = 10.0.40219.1
Project("{FAE04EC0-301F-11D3-BF4B-00C04F79EFBC}") = "Heimdall.Client.Windows", "Heimdall.Client.Windows\Heimdall.Client.Windows.csproj", "{1E5BD964-1CA4-44CC-B99F-FECE393005AB}"
EndProject
Project("{FAE04EC0-301F-11D3-BF4B-00C04F79EFBC}") = "Heimdall.Server", "Heimdall.Server\Heimdall.Server.csproj", "{01FAB7A3-403C-471C-9D5E-C3B82ABA3363}"
EndProject
Project("{FAE04EC0-301F-11D3-BF4B-00C04F79EFBC}") = "Heimdall.ServerHost", "Heimdall.ServerHost\Heimdall.ServerHost.csproj", "{C959774D-7464-4950-BC44-8A22107328AE}"
	ProjectSection(ProjectDependencies) = postProject
		{01FAB7A3-403C-471C-9D5E-C3B82ABA3363} = {01FAB7A3-403C-471C-9D5E-C3B82ABA3363}
	EndProjectSection
EndProject
Global
	GlobalSection(SolutionConfigurationPlatforms) = preSolution
		Debug|Any CPU = Debug|Any CPU
		Debug|ARM = Debug|ARM
		Debug|x64 = Debug|x64
		Debug|x86 = Debug|x86
		Release|Any CPU = Release|Any CPU
		Release|ARM = Release|ARM
		Release|x64 = Release|x64
		Release|x86 = Release|x86
	EndGlobalSection
	GlobalSection(ProjectConfigurationPlatforms) = postSolution
		{1E5BD964-1CA4-44CC-B99F-FECE393005AB}.Debug|Any CPU.ActiveCfg = Debug|x86
		{1E5BD964-1CA4-44CC-B99F-FECE393005AB}.Debug|ARM.ActiveCfg = Debug|ARM
		{1E5BD964-1CA4-44CC-B99F-FECE393005AB}.Debug|ARM.Build.0 = Debug|ARM
		{1E5BD964-1CA4-44CC-B99F-FECE393005AB}.Debug|ARM.Deploy.0 = Debug|ARM
		{1E5BD964-1CA4-44CC-B99F-FECE393005AB}.Debug|x64.ActiveCfg = Debug|x64
		{1E5BD964-1CA4-44CC-B99F-FECE393005AB}.Debug|x64.Build.0 = Debug|x64
		{1E5BD964-1CA4-44CC-B99F-FECE393005AB}.Debug|x64.Deploy.0 = Debug|x64
		{1E5BD964-1CA4-44CC-B99F-FECE393005AB}.Debug|x86.ActiveCfg = Debug|x86
		{1E5BD964-1CA4-44CC-B99F-FECE393005AB}.Debug|x86.Build.0 = Debug|x86
		{1E5BD964-1CA4-44CC-B99F-FECE393005AB}.Debug|x86.Deploy.0 = Debug|x86
		{1E5BD964-1CA4-44CC-B99F-FECE393005AB}.Release|Any CPU.ActiveCfg = Release|x86
		{1E5BD964-1CA4-44CC-B99F-FECE393005AB}.Release|ARM.ActiveCfg = Release|ARM
		{1E5BD964-1CA4-44CC-B99F-FECE393005AB}.Release|ARM.Build.0 = Release|ARM
		{1E5BD964-1CA4-44CC-B99F-FECE393005AB}.Release|ARM.Deploy.0 = Release|ARM
		{1E5BD964-1CA4-44CC-B99F-FECE393005AB}.Release|x64.ActiveCfg = Release|x64
		{1E5BD964-1CA4-44CC-B99F-FECE393005AB}.Release|x64.Build.0 = Release|x64
		{1E5BD964-1CA4-44CC-B99F-FECE393005AB}.Release|x64.Deploy.0 = Release|x64
		{1E5BD964-1CA4-44CC-B99F-FECE393005AB}.Release|x86.ActiveCfg = Release|x86
		{1E5BD964-1CA4-44CC-B99F-FECE393005AB}.Release|x86.Build.0 = Release|x86
		{1E5BD964-1CA4-44CC-B99F-FECE393005AB}.Release|x86.Deploy.0 = Release|x86
		{01FAB7A3-403C-471C-9D5E-C3B82ABA3363}.Debug|Any CPU.ActiveCfg = Debug|Any CPU
		{01FAB7A3-403C-471C-9D5E-C3B82ABA3363}.Debug|Any CPU.Build.0 = Debug|Any CPU
		{01FAB7A3-403C-471C-9D5E-C3B82ABA3363}.Debug|ARM.ActiveCfg = Debug|Any CPU
		{01FAB7A3-403C-471C-9D5E-C3B82ABA3363}.Debug|ARM.Build.0 = Debug|Any CPU
		{01FAB7A3-403C-471C-9D5E-C3B82ABA3363}.Debug|x64.ActiveCfg = Debug|Any CPU
		{01FAB7A3-403C-471C-9D5E-C3B82ABA3363}.Debug|x64.Build.0 = Debug|Any CPU
		{01FAB7A3-403C-471C-9D5E-C3B82ABA3363}.Debug|x86.ActiveCfg = Debug|Any CPU
		{01FAB7A3-403C-471C-9D5E-C3B82ABA3363}.Debug|x86.Build.0 = Debug|Any CPU
		{01FAB7A3-403C-471C-9D5E-C3B82ABA3363}.Release|Any CPU.ActiveCfg = Release|Any CPU
		{01FAB7A3-403C-471C-9D5E-C3B82ABA3363}.Release|Any CPU.Build.0 = Release|Any CPU
		{01FAB7A3-403C-471C-9D5E-C3B82ABA3363}.Release|ARM.ActiveCfg = Release|Any CPU
		{01FAB7A3-403C-471C-9D5E-C3B82ABA3363}.Release|ARM.Build.0 = Release|Any CPU
		{01FAB7A3-403C-471C-9D5E-C3B82ABA3363}.Release|x64.ActiveCfg = Release|Any CPU
		{01FAB7A3-403C-471C-9D5E-C3B82ABA3363}.Release|x64.Build.0 = Release|Any CPU
		{01FAB7A3-403C-471C-9D5E-C3B82ABA3363}.Release|x86.ActiveCfg = Release|Any CPU
		{01FAB7A3-403C-471C-9D5E-C3B82ABA3363}.Release|x86.Build.0 = Release|Any CPU
		{C959774D-7464-4950-BC44-8A22107328AE}.Debug|Any CPU.ActiveCfg = Debug|Any CPU
		{C959774D-7464-4950-BC44-8A22107328AE}.Debug|Any CPU.Build.0 = Debug|Any CPU
		{C959774D-7464-4950-BC44-8A22107328AE}.Debug|ARM.ActiveCfg = Debug|Any CPU
		{C959774D-7464-4950-BC44-8A22107328AE}.Debug|ARM.Build.0 = Debug|Any CPU
		{C959774D-7464-4950-BC44-8A22107328AE}.Debug|x64.ActiveCfg = Debug|Any CPU
		{C959774D-7464-4950-BC44-8A22107328AE}.Debug|x64.Build.0 = Debug|Any CPU
		{C959774D-7464-4950-BC44-8A22107328AE}.Debug|x86.ActiveCfg = Debug|Any CPU
		{C959774D-7464-4950-BC44-8A22107328AE}.Debug|x86.Build.0 = Debug|Any CPU
		{C959774D-7464-4950-BC44-8A22107328AE}.Release|Any CPU.ActiveCfg = Release|Any CPU
		{C959774D-7464-4950-BC44-8A22107328AE}.Release|Any CPU.Build.0 = Release|Any CPU
		{C959774D-7464-4950-BC44-8A22107328AE}.Release|ARM.ActiveCfg = Release|Any CPU
		{C959774D-7464-4950-BC44-8A22107328AE}.Release|ARM.Build.0 = Release|Any CPU
		{C959774D-7464-4950-BC44-8A22107328AE}.Release|x64.ActiveCfg = Release|Any CPU
		{C959774D-7464-4950-BC44-8A22107328AE}.Release|x64.Build.0 = Release|Any CPU
		{C959774D-7464-4950-BC44-8A22107328AE}.Release|x86.ActiveCfg = Release|Any CPU
		{C959774D-7464-4950-BC44-8A22107328AE}.Release|x86.Build.0 = Release|Any CPU
	EndGlobalSection
	GlobalSection(SolutionProperties) = preSolution
		HideSolutionNode = FALSE
	EndGlobalSection
EndGlobal
