Microsoft Visual Studio Solution File, Format Version 12.00
# Visual Studio Version 17
VisualStudioVersion = 17.0.31919.166
MinimumVisualStudioVersion = 16.0.0.0
Project("{9A19103F-16F7-4668-BE54-9A1E7A4F7556}") = "Heimdall.Server", "Server\Heimdall.Server.csproj", "{07BA7126-20F9-4E2C-B8DB-A54584751770}"
EndProject
Project("{9A19103F-16F7-4668-BE54-9A1E7A4F7556}") = "Heimdall.Web", "Web\Heimdall.Web.csproj", "{EF39311A-E6CE-4A57-8622-D4CE5C6082C4}"
EndProject
Project("{9A19103F-16F7-4668-BE54-9A1E7A4F7556}") = "Heimdall.Models", "Models\Heimdall.Models.csproj", "{D1177993-653D-4532-9921-AC80C43E124C}"
EndProject
Project("{9A19103F-16F7-4668-BE54-9A1E7A4F7556}") = "Heimdall.Integrations", "Integrations\Heimdall.Integrations.csproj", "{78B1D8E9-B8DA-47AA-A8B7-C79FA0BB0645}"
EndProject
Project("{9A19103F-16F7-4668-BE54-9A1E7A4F7556}") = "Heimdall.WebhookProxy", "WebhookProxy\Heimdall.WebhookProxy.csproj", "{DB62AE47-9EB0-45D9-A57B-148E05FA5800}"
EndProject
Global
	GlobalSection(SolutionConfigurationPlatforms) = preSolution
		Debug|Any CPU = Debug|Any CPU
		Debug|x64 = Debug|x64
		Debug|x86 = Debug|x86
		Release|Any CPU = Release|Any CPU
		Release|x64 = Release|x64
		Release|x86 = Release|x86
	EndGlobalSection
	GlobalSection(ProjectConfigurationPlatforms) = postSolution
		{07BA7126-20F9-4E2C-B8DB-A54584751770}.Debug|Any CPU.ActiveCfg = Debug|Any CPU
		{07BA7126-20F9-4E2C-B8DB-A54584751770}.Debug|Any CPU.Build.0 = Debug|Any CPU
		{07BA7126-20F9-4E2C-B8DB-A54584751770}.Debug|x64.ActiveCfg = Debug|Any CPU
		{07BA7126-20F9-4E2C-B8DB-A54584751770}.Debug|x64.Build.0 = Debug|Any CPU
		{07BA7126-20F9-4E2C-B8DB-A54584751770}.Debug|x86.ActiveCfg = Debug|Any CPU
		{07BA7126-20F9-4E2C-B8DB-A54584751770}.Debug|x86.Build.0 = Debug|Any CPU
		{07BA7126-20F9-4E2C-B8DB-A54584751770}.Release|Any CPU.ActiveCfg = Release|Any CPU
		{07BA7126-20F9-4E2C-B8DB-A54584751770}.Release|Any CPU.Build.0 = Release|Any CPU
		{07BA7126-20F9-4E2C-B8DB-A54584751770}.Release|x64.ActiveCfg = Release|Any CPU
		{07BA7126-20F9-4E2C-B8DB-A54584751770}.Release|x64.Build.0 = Release|Any CPU
		{07BA7126-20F9-4E2C-B8DB-A54584751770}.Release|x86.ActiveCfg = Release|Any CPU
		{07BA7126-20F9-4E2C-B8DB-A54584751770}.Release|x86.Build.0 = Release|Any CPU
		{EF39311A-E6CE-4A57-8622-D4CE5C6082C4}.Debug|Any CPU.ActiveCfg = Debug|Any CPU
		{EF39311A-E6CE-4A57-8622-D4CE5C6082C4}.Debug|Any CPU.Build.0 = Debug|Any CPU
		{EF39311A-E6CE-4A57-8622-D4CE5C6082C4}.Debug|x64.ActiveCfg = Debug|Any CPU
		{EF39311A-E6CE-4A57-8622-D4CE5C6082C4}.Debug|x64.Build.0 = Debug|Any CPU
		{EF39311A-E6CE-4A57-8622-D4CE5C6082C4}.Debug|x86.ActiveCfg = Debug|Any CPU
		{EF39311A-E6CE-4A57-8622-D4CE5C6082C4}.Debug|x86.Build.0 = Debug|Any CPU
		{EF39311A-E6CE-4A57-8622-D4CE5C6082C4}.Release|Any CPU.ActiveCfg = Release|Any CPU
		{EF39311A-E6CE-4A57-8622-D4CE5C6082C4}.Release|Any CPU.Build.0 = Release|Any CPU
		{EF39311A-E6CE-4A57-8622-D4CE5C6082C4}.Release|x64.ActiveCfg = Release|Any CPU
		{EF39311A-E6CE-4A57-8622-D4CE5C6082C4}.Release|x64.Build.0 = Release|Any CPU
		{EF39311A-E6CE-4A57-8622-D4CE5C6082C4}.Release|x86.ActiveCfg = Release|Any CPU
		{EF39311A-E6CE-4A57-8622-D4CE5C6082C4}.Release|x86.Build.0 = Release|Any CPU
		{D1177993-653D-4532-9921-AC80C43E124C}.Debug|Any CPU.ActiveCfg = Debug|Any CPU
		{D1177993-653D-4532-9921-AC80C43E124C}.Debug|Any CPU.Build.0 = Debug|Any CPU
		{D1177993-653D-4532-9921-AC80C43E124C}.Debug|x64.ActiveCfg = Debug|Any CPU
		{D1177993-653D-4532-9921-AC80C43E124C}.Debug|x64.Build.0 = Debug|Any CPU
		{D1177993-653D-4532-9921-AC80C43E124C}.Debug|x86.ActiveCfg = Debug|Any CPU
		{D1177993-653D-4532-9921-AC80C43E124C}.Debug|x86.Build.0 = Debug|Any CPU
		{D1177993-653D-4532-9921-AC80C43E124C}.Release|Any CPU.ActiveCfg = Release|Any CPU
		{D1177993-653D-4532-9921-AC80C43E124C}.Release|Any CPU.Build.0 = Release|Any CPU
		{D1177993-653D-4532-9921-AC80C43E124C}.Release|x64.ActiveCfg = Release|Any CPU
		{D1177993-653D-4532-9921-AC80C43E124C}.Release|x64.Build.0 = Release|Any CPU
		{D1177993-653D-4532-9921-AC80C43E124C}.Release|x86.ActiveCfg = Release|Any CPU
		{D1177993-653D-4532-9921-AC80C43E124C}.Release|x86.Build.0 = Release|Any CPU
		{78B1D8E9-B8DA-47AA-A8B7-C79FA0BB0645}.Debug|Any CPU.ActiveCfg = Debug|Any CPU
		{78B1D8E9-B8DA-47AA-A8B7-C79FA0BB0645}.Debug|Any CPU.Build.0 = Debug|Any CPU
		{78B1D8E9-B8DA-47AA-A8B7-C79FA0BB0645}.Debug|x64.ActiveCfg = Debug|Any CPU
		{78B1D8E9-B8DA-47AA-A8B7-C79FA0BB0645}.Debug|x64.Build.0 = Debug|Any CPU
		{78B1D8E9-B8DA-47AA-A8B7-C79FA0BB0645}.Debug|x86.ActiveCfg = Debug|Any CPU
		{78B1D8E9-B8DA-47AA-A8B7-C79FA0BB0645}.Debug|x86.Build.0 = Debug|Any CPU
		{78B1D8E9-B8DA-47AA-A8B7-C79FA0BB0645}.Release|Any CPU.ActiveCfg = Release|Any CPU
		{78B1D8E9-B8DA-47AA-A8B7-C79FA0BB0645}.Release|Any CPU.Build.0 = Release|Any CPU
		{78B1D8E9-B8DA-47AA-A8B7-C79FA0BB0645}.Release|x64.ActiveCfg = Release|Any CPU
		{78B1D8E9-B8DA-47AA-A8B7-C79FA0BB0645}.Release|x64.Build.0 = Release|Any CPU
		{78B1D8E9-B8DA-47AA-A8B7-C79FA0BB0645}.Release|x86.ActiveCfg = Release|Any CPU
		{78B1D8E9-B8DA-47AA-A8B7-C79FA0BB0645}.Release|x86.Build.0 = Release|Any CPU
		{DB62AE47-9EB0-45D9-A57B-148E05FA5800}.Debug|Any CPU.ActiveCfg = Debug|Any CPU
		{DB62AE47-9EB0-45D9-A57B-148E05FA5800}.Debug|Any CPU.Build.0 = Debug|Any CPU
		{DB62AE47-9EB0-45D9-A57B-148E05FA5800}.Debug|x64.ActiveCfg = Debug|Any CPU
		{DB62AE47-9EB0-45D9-A57B-148E05FA5800}.Debug|x64.Build.0 = Debug|Any CPU
		{DB62AE47-9EB0-45D9-A57B-148E05FA5800}.Debug|x86.ActiveCfg = Debug|Any CPU
		{DB62AE47-9EB0-45D9-A57B-148E05FA5800}.Debug|x86.Build.0 = Debug|Any CPU
		{DB62AE47-9EB0-45D9-A57B-148E05FA5800}.Release|Any CPU.ActiveCfg = Release|Any CPU
		{DB62AE47-9EB0-45D9-A57B-148E05FA5800}.Release|Any CPU.Build.0 = Release|Any CPU
		{DB62AE47-9EB0-45D9-A57B-148E05FA5800}.Release|x64.ActiveCfg = Release|Any CPU
		{DB62AE47-9EB0-45D9-A57B-148E05FA5800}.Release|x64.Build.0 = Release|Any CPU
		{DB62AE47-9EB0-45D9-A57B-148E05FA5800}.Release|x86.ActiveCfg = Release|Any CPU
		{DB62AE47-9EB0-45D9-A57B-148E05FA5800}.Release|x86.Build.0 = Release|Any CPU
	EndGlobalSection
	GlobalSection(SolutionProperties) = preSolution
		HideSolutionNode = FALSE
	EndGlobalSection
	GlobalSection(ExtensibilityGlobals) = postSolution
		SolutionGuid = {F4FE165E-31E2-4F88-A845-738596F06022}
	EndGlobalSection
EndGlobal
