
Microsoft Visual Studio Solution File, Format Version 12.00
# Visual Studio Version 17
VisualStudioVersion = 17.0.31919.166
MinimumVisualStudioVersion = 10.0.40219.1
Project("{FAE04EC0-301F-11D3-BF4B-00C04F79EFBC}") = "Heimdall.Server", "Heimdall.Server\Heimdall.Server.csproj", "{CE3AC5AE-DFFE-4A0E-B4EC-FC9A71FAB99D}"
EndProject
Global
	GlobalSection(SolutionConfigurationPlatforms) = preSolution
		Debug|Any CPU = Debug|Any CPU
		Release|Any CPU = Release|Any CPU
	EndGlobalSection
	GlobalSection(ProjectConfigurationPlatforms) = postSolution
		{CE3AC5AE-DFFE-4A0E-B4EC-FC9A71FAB99D}.Debug|Any CPU.ActiveCfg = Debug|Any CPU
		{CE3AC5AE-DFFE-4A0E-B4EC-FC9A71FAB99D}.Debug|Any CPU.Build.0 = Debug|Any CPU
		{CE3AC5AE-DFFE-4A0E-B4EC-FC9A71FAB99D}.Release|Any CPU.ActiveCfg = Release|Any CPU
		{CE3AC5AE-DFFE-4A0E-B4EC-FC9A71FAB99D}.Release|Any CPU.Build.0 = Release|Any CPU
	EndGlobalSection
	GlobalSection(SolutionProperties) = preSolution
		HideSolutionNode = FALSE
	EndGlobalSection
	GlobalSection(ExtensibilityGlobals) = postSolution
		SolutionGuid = {E68DC5F6-3CFE-44E3-8090-F56BC03C3079}
	EndGlobalSection
EndGlobal
